// !$*UTF8*$!
{
	archiveVersion = 1;
	classes = {
	};
	objectVersion = 46;
	objects = {

/* Begin PBXBuildFile section */
		E53971411CC00C5500692544 /* AppDelegate.swift in Sources */ = {isa = PBXBuildFile; fileRef = E53971401CC00C5500692544 /* AppDelegate.swift */; };
		E53971431CC00C5500692544 /* ViewController.swift in Sources */ = {isa = PBXBuildFile; fileRef = E53971421CC00C5500692544 /* ViewController.swift */; };
		E53971461CC00C5500692544 /* Main.storyboard in Resources */ = {isa = PBXBuildFile; fileRef = E53971441CC00C5500692544 /* Main.storyboard */; };
		E53971481CC00C5500692544 /* Assets.xcassets in Resources */ = {isa = PBXBuildFile; fileRef = E53971471CC00C5500692544 /* Assets.xcassets */; };
		E539714B1CC00C5500692544 /* LaunchScreen.storyboard in Resources */ = {isa = PBXBuildFile; fileRef = E53971491CC00C5500692544 /* LaunchScreen.storyboard */; };
		E5A069C41CC0355100F8B7F6 /* FoodTableViewCell.swift in Sources */ = {isa = PBXBuildFile; fileRef = E5A069C31CC0355100F8B7F6 /* FoodTableViewCell.swift */; };
/* End PBXBuildFile section */

/* Begin PBXFileReference section */
		E539713D1CC00C5500692544 /* TableSnacks.app */ = {isa = PBXFileReference; explicitFileType = wrapper.application; includeInIndex = 0; path = TableSnacks.app; sourceTree = BUILT_PRODUCTS_DIR; };
		E53971401CC00C5500692544 /* AppDelegate.swift */ = {isa = PBXFileReference; lastKnownFileType = sourcecode.swift; path = AppDelegate.swift; sourceTree = "<group>"; };
		E53971421CC00C5500692544 /* ViewController.swift */ = {isa = PBXFileReference; lastKnownFileType = sourcecode.swift; path = ViewController.swift; sourceTree = "<group>"; };
		E53971451CC00C5500692544 /* Base */ = {isa = PBXFileReference; lastKnownFileType = file.storyboard; name = Base; path = Base.lproj/Main.storyboard; sourceTree = "<group>"; };
		E53971471CC00C5500692544 /* Assets.xcassets */ = {isa = PBXFileReference; lastKnownFileType = folder.assetcatalog; path = Assets.xcassets; sourceTree = "<group>"; };
		E539714A1CC00C5500692544 /* Base */ = {isa = PBXFileReference; lastKnownFileType = file.storyboard; name = Base; path = Base.lproj/LaunchScreen.storyboard; sourceTree = "<group>"; };
		E539714C1CC00C5500692544 /* Info.plist */ = {isa = PBXFileReference; lastKnownFileType = text.plist.xml; path = Info.plist; sourceTree = "<group>"; };
		E5A069C31CC0355100F8B7F6 /* FoodTableViewCell.swift */ = {isa = PBXFileReference; fileEncoding = 4; lastKnownFileType = sourcecode.swift; path = FoodTableViewCell.swift; sourceTree = "<group>"; };
/* End PBXFileReference section */

/* Begin PBXFrameworksBuildPhase section */
		E539713A1CC00C5400692544 /* Frameworks */ = {
			isa = PBXFrameworksBuildPhase;
			buildActionMask = 2147483647;
			files = (
			);
			runOnlyForDeploymentPostprocessing = 0;
		};
/* End PBXFrameworksBuildPhase section */

/* Begin PBXGroup section */
		E53971341CC00C5400692544 = {
			isa = PBXGroup;
			children = (
				E539713F1CC00C5500692544 /* TableSnacks */,
				E539713E1CC00C5500692544 /* Products */,
			);
			sourceTree = "<group>";
		};
		E539713E1CC00C5500692544 /* Products */ = {
			isa = PBXGroup;
			children = (
				E539713D1CC00C5500692544 /* TableSnacks.app */,
			);
			name = Products;
			sourceTree = "<group>";
		};
		E539713F1CC00C5500692544 /* TableSnacks */ = {
			isa = PBXGroup;
			children = (
				E53971551CC00DB800692544 /* Controller */,
				E53971541CC00DB200692544 /* View */,
				E53971531CC00DA600692544 /* Model */,
				E53971521CC00D9D00692544 /* Support Files */,
			);
			path = TableSnacks;
			sourceTree = "<group>";
		};
		E53971521CC00D9D00692544 /* Support Files */ = {
			isa = PBXGroup;
			children = (
				E539714C1CC00C5500692544 /* Info.plist */,
				E53971401CC00C5500692544 /* AppDelegate.swift */,
				E53971471CC00C5500692544 /* Assets.xcassets */,
			);
			name = "Support Files";
			sourceTree = "<group>";
		};
		E53971531CC00DA600692544 /* Model */ = {
			isa = PBXGroup;
			children = (
			);
			name = Model;
			sourceTree = "<group>";
		};
		E53971541CC00DB200692544 /* View */ = {
			isa = PBXGroup;
			children = (
				E53971491CC00C5500692544 /* LaunchScreen.storyboard */,
				E53971441CC00C5500692544 /* Main.storyboard */,
				E5A069C31CC0355100F8B7F6 /* FoodTableViewCell.swift */,
			);
			name = View;
			sourceTree = "<group>";
		};
		E53971551CC00DB800692544 /* Controller */ = {
			isa = PBXGroup;
			children = (
				E53971421CC00C5500692544 /* ViewController.swift */,
			);
			name = Controller;
			sourceTree = "<group>";
		};
/* End PBXGroup section */

/* Begin PBXNativeTarget section */
		E539713C1CC00C5400692544 /* TableSnacks */ = {
			isa = PBXNativeTarget;
			buildConfigurationList = E539714F1CC00C5500692544 /* Build configuration list for PBXNativeTarget "TableSnacks" */;
			buildPhases = (
				E53971391CC00C5400692544 /* Sources */,
				E539713A1CC00C5400692544 /* Frameworks */,
				E539713B1CC00C5400692544 /* Resources */,
			);
			buildRules = (
			);
			dependencies = (
			);
			name = TableSnacks;
			productName = TableSnacks;
			productReference = E539713D1CC00C5500692544 /* TableSnacks.app */;
			productType = "com.apple.product-type.application";
		};
/* End PBXNativeTarget section */

/* Begin PBXProject section */
		E53971351CC00C5400692544 /* Project object */ = {
			isa = PBXProject;
			attributes = {
				LastSwiftUpdateCheck = 0730;
				LastUpgradeCheck = 0730;
				ORGANIZATIONNAME = "Sergio Mollica";
				TargetAttributes = {
					E539713C1CC00C5400692544 = {
						CreatedOnToolsVersion = 7.3;
						DevelopmentTeam = KZR2N8785B;
					};
				};
			};
			buildConfigurationList = E53971381CC00C5400692544 /* Build configuration list for PBXProject "TableSnacks" */;
			compatibilityVersion = "Xcode 3.2";
			developmentRegion = English;
			hasScannedForEncodings = 0;
			knownRegions = (
				en,
				Base,
			);
			mainGroup = E53971341CC00C5400692544;
			productRefGroup = E539713E1CC00C5500692544 /* Products */;
			projectDirPath = "";
			projectRoot = "";
			targets = (
				E539713C1CC00C5400692544 /* TableSnacks */,
			);
		};
/* End PBXProject section */

/* Begin PBXResourcesBuildPhase section */
		E539713B1CC00C5400692544 /* Resources */ = {
			isa = PBXResourcesBuildPhase;
			buildActionMask = 2147483647;
			files = (
				E539714B1CC00C5500692544 /* LaunchScreen.storyboard in Resources */,
				E53971481CC00C5500692544 /* Assets.xcassets in Resources */,
				E53971461CC00C5500692544 /* Main.storyboard in Resources */,
			);
			runOnlyForDeploymentPostprocessing = 0;
		};
/* End PBXResourcesBuildPhase section */

/* Begin PBXSourcesBuildPhase section */
		E53971391CC00C5400692544 /* Sources */ = {
			isa = PBXSourcesBuildPhase;
			buildActionMask = 2147483647;
			files = (
				E53971431CC00C5500692544 /* ViewController.swift in Sources */,
				E53971411CC00C5500692544 /* AppDelegate.swift in Sources */,
				E5A069C41CC0355100F8B7F6 /* FoodTableViewCell.swift in Sources */,
			);
			runOnlyForDeploymentPostprocessing = 0;
		};
/* End PBXSourcesBuildPhase section */

/* Begin PBXVariantGroup section */
		E53971441CC00C5500692544 /* Main.storyboard */ = {
			isa = PBXVariantGroup;
			children = (
				E53971451CC00C5500692544 /* Base */,
			);
			name = Main.storyboard;
			sourceTree = "<group>";
		};
		E53971491CC00C5500692544 /* LaunchScreen.storyboard */ = {
			isa = PBXVariantGroup;
			children = (
				E539714A1CC00C5500692544 /* Base */,
			);
			name = LaunchScreen.storyboard;
			sourceTree = "<group>";
		};
/* End PBXVariantGroup section */

/* Begin XCBuildConfiguration section */
		E539714D1CC00C5500692544 /* Debug */ = {
			isa = XCBuildConfiguration;
			buildSettings = {
				ALWAYS_SEARCH_USER_PATHS = NO;
				CLANG_ANALYZER_NONNULL = YES;
				CLANG_CXX_LANGUAGE_STANDARD = "gnu++0x";
				CLANG_CXX_LIBRARY = "libc++";
				CLANG_ENABLE_MODULES = YES;
				CLANG_ENABLE_OBJC_ARC = YES;
				CLANG_WARN_BOOL_CONVERSION = YES;
				CLANG_WARN_CONSTANT_CONVERSION = YES;
				CLANG_WARN_DIRECT_OBJC_ISA_USAGE = YES_ERROR;
				CLANG_WARN_EMPTY_BODY = YES;
				CLANG_WARN_ENUM_CONVERSION = YES;
				CLANG_WARN_INT_CONVERSION = YES;
				CLANG_WARN_OBJC_ROOT_CLASS = YES_ERROR;
				CLANG_WARN_UNREACHABLE_CODE = YES;
				CLANG_WARN__DUPLICATE_METHOD_MATCH = YES;
				"CODE_SIGN_IDENTITY[sdk=iphoneos*]" = "iPhone Developer";
				COPY_PHASE_STRIP = NO;
				DEBUG_INFORMATION_FORMAT = dwarf;
				ENABLE_STRICT_OBJC_MSGSEND = YES;
				ENABLE_TESTABILITY = YES;
				GCC_C_LANGUAGE_STANDARD = gnu99;
				GCC_DYNAMIC_NO_PIC = NO;
				GCC_NO_COMMON_BLOCKS = YES;
				GCC_OPTIMIZATION_LEVEL = 0;
				GCC_PREPROCESSOR_DEFINITIONS = (
					"DEBUG=1",
					"$(inherited)",
				);
				GCC_WARN_64_TO_32_BIT_CONVERSION = YES;
				GCC_WARN_ABOUT_RETURN_TYPE = YES_ERROR;
				GCC_WARN_UNDECLARED_SELECTOR = YES;
				GCC_WARN_UNINITIALIZED_AUTOS = YES_AGGRESSIVE;
				GCC_WARN_UNUSED_FUNCTION = YES;
				GCC_WARN_UNUSED_VARIABLE = YES;
				IPHONEOS_DEPLOYMENT_TARGET = 9.3;
				MTL_ENABLE_DEBUG_INFO = YES;
				ONLY_ACTIVE_ARCH = YES;
				SDKROOT = iphoneos;
				SWIFT_OPTIMIZATION_LEVEL = "-Onone";
			};
			name = Debug;
		};
		E539714E1CC00C5500692544 /* Release */ = {
			isa = XCBuildConfiguration;
			buildSettings = {
				ALWAYS_SEARCH_USER_PATHS = NO;
				CLANG_ANALYZER_NONNULL = YES;
				CLANG_CXX_LANGUAGE_STANDARD = "gnu++0x";
				CLANG_CXX_LIBRARY = "libc++";
				CLANG_ENABLE_MODULES = YES;
				CLANG_ENABLE_OBJC_ARC = YES;
				CLANG_WARN_BOOL_CONVERSION = YES;
				CLANG_WARN_CONSTANT_CONVERSION = YES;
				CLANG_WARN_DIRECT_OBJC_ISA_USAGE = YES_ERROR;
				CLANG_WARN_EMPTY_BODY = YES;
				CLANG_WARN_ENUM_CONVERSION = YES;
				CLANG_WARN_INT_CONVERSION = YES;
				CLANG_WARN_OBJC_ROOT_CLASS = YES_ERROR;
				CLANG_WARN_UNREACHABLE_CODE = YES;
				CLANG_WARN__DUPLICATE_METHOD_MATCH = YES;
				"CODE_SIGN_IDENTITY[sdk=iphoneos*]" = "iPhone Developer";
				COPY_PHASE_STRIP = NO;
				DEBUG_INFORMATION_FORMAT = "dwarf-with-dsym";
				ENABLE_NS_ASSERTIONS = NO;
				ENABLE_STRICT_OBJC_MSGSEND = YES;
				GCC_C_LANGUAGE_STANDARD = gnu99;
				GCC_NO_COMMON_BLOCKS = YES;
				GCC_WARN_64_TO_32_BIT_CONVERSION = YES;
				GCC_WARN_ABOUT_RETURN_TYPE = YES_ERROR;
				GCC_WARN_UNDECLARED_SELECTOR = YES;
				GCC_WARN_UNINITIALIZED_AUTOS = YES_AGGRESSIVE;
				GCC_WARN_UNUSED_FUNCTION = YES;
				GCC_WARN_UNUSED_VARIABLE = YES;
				IPHONEOS_DEPLOYMENT_TARGET = 9.3;
				MTL_ENABLE_DEBUG_INFO = NO;
				SDKROOT = iphoneos;
				VALIDATE_PRODUCT = YES;
			};
			name = Release;
		};
		E53971501CC00C5500692544 /* Debug */ = {
			isa = XCBuildConfiguration;
			buildSettings = {
				ASSETCATALOG_COMPILER_APPICON_NAME = AppIcon;
				INFOPLIST_FILE = TableSnacks/Info.plist;
				LD_RUNPATH_SEARCH_PATHS = "$(inherited) @executable_path/Frameworks";
				PRODUCT_BUNDLE_IDENTIFIER = smollica.TableSnacks;
				PRODUCT_NAME = "$(TARGET_NAME)";
			};
			name = Debug;
		};
		E53971511CC00C5500692544 /* Release */ = {
			isa = XCBuildConfiguration;
			buildSettings = {
				ASSETCATALOG_COMPILER_APPICON_NAME = AppIcon;
				INFOPLIST_FILE = TableSnacks/Info.plist;
				LD_RUNPATH_SEARCH_PATHS = "$(inherited) @executable_path/Frameworks";
				PRODUCT_BUNDLE_IDENTIFIER = smollica.TableSnacks;
				PRODUCT_NAME = "$(TARGET_NAME)";
			};
			name = Release;
		};
/* End XCBuildConfiguration section */

/* Begin XCConfigurationList section */
		E53971381CC00C5400692544 /* Build configuration list for PBXProject "TableSnacks" */ = {
			isa = XCConfigurationList;
			buildConfigurations = (
				E539714D1CC00C5500692544 /* Debug */,
				E539714E1CC00C5500692544 /* Release */,
			);
			defaultConfigurationIsVisible = 0;
			defaultConfigurationName = Release;
		};
		E539714F1CC00C5500692544 /* Build configuration list for PBXNativeTarget "TableSnacks" */ = {
			isa = XCConfigurationList;
			buildConfigurations = (
				E53971501CC00C5500692544 /* Debug */,
				E53971511CC00C5500692544 /* Release */,
			);
			defaultConfigurationIsVisible = 0;
			defaultConfigurationName = Release;
		};
/* End XCConfigurationList section */
	};
	rootObject = E53971351CC00C5400692544 /* Project object */;
}
